
Microsoft Visual Studio Solution File, Format Version 12.00
# Visual Studio Version 17
VisualStudioVersion = 17.4.33205.214
MinimumVisualStudioVersion = 10.0.40219.1
Project("{8BC9CEB8-8B4A-11D0-8D11-00A0C91BC942}") = "Exercise_1_2", "Exercise_1_2\Exercise_1_2.vcxproj", "{58A80B0B-808A-4AAC-BE74-D7FF9FEC43B5}"
EndProject
Project("{8BC9CEB8-8B4A-11D0-8D11-00A0C91BC942}") = "Exercise_1_3", "Exercise_1_3\Exercise_1_3.vcxproj", "{8C7C892E-05DD-47B6-8E6E-AE1A8DA6400A}"
EndProject
Project("{8BC9CEB8-8B4A-11D0-8D11-00A0C91BC942}") = "Exercise_1_1", "Exercise_1_1\Exercise_1_1.vcxproj", "{A76636EA-FEA4-4E38-9F2B-82EF3D08855C}"
EndProject
Project("{8BC9CEB8-8B4A-11D0-8D11-00A0C91BC942}") = "Exercise_3", "Exercise_3\Exercise_3.vcxproj", "{DB1D3869-000E-4D7D-8759-0417615A5C2C}"
EndProject
Project("{8BC9CEB8-8B4A-11D0-8D11-00A0C91BC942}") = "Exercise_4_1", "Exercise_4_1\Exercise_4_1.vcxproj", "{04E9CB6D-037C-48C7-A164-4E5EC13EBF7D}"
EndProject
Project("{8BC9CEB8-8B4A-11D0-8D11-00A0C91BC942}") = "Exercise_4_2", "Exercise_4_2\Exercise_4_2.vcxproj", "{EF0FA715-F8B0-45E9-8947-22A4890AF595}"
EndProject
Project("{8BC9CEB8-8B4A-11D0-8D11-00A0C91BC942}") = "Exercise_4_3", "Exercise_4_3\Exercise_4_3.vcxproj", "{48B840F4-5A09-4649-B33C-89EA2425D1FB}"
EndProject
Project("{8BC9CEB8-8B4A-11D0-8D11-00A0C91BC942}") = "Exercise_2", "Exercise_2\Exercise_2.vcxproj", "{5CCD4C78-6F42-4BBC-8DF0-6EEE2A5FE317}"
EndProject
Project("{8BC9CEB8-8B4A-11D0-8D11-00A0C91BC942}") = "Exercise_5_1", "Exercise_5_1\Exercise_5_1.vcxproj", "{BF6F8C6F-56E8-4377-BB02-6595A1554AE4}"
EndProject
Global
	GlobalSection(SolutionConfigurationPlatforms) = preSolution
		Debug|x64 = Debug|x64
		Debug|x86 = Debug|x86
		Release|x64 = Release|x64
		Release|x86 = Release|x86
	EndGlobalSection
	GlobalSection(ProjectConfigurationPlatforms) = postSolution
		{58A80B0B-808A-4AAC-BE74-D7FF9FEC43B5}.Debug|x64.ActiveCfg = Debug|x64
		{58A80B0B-808A-4AAC-BE74-D7FF9FEC43B5}.Debug|x64.Build.0 = Debug|x64
		{58A80B0B-808A-4AAC-BE74-D7FF9FEC43B5}.Debug|x86.ActiveCfg = Debug|Win32
		{58A80B0B-808A-4AAC-BE74-D7FF9FEC43B5}.Debug|x86.Build.0 = Debug|Win32
		{58A80B0B-808A-4AAC-BE74-D7FF9FEC43B5}.Release|x64.ActiveCfg = Release|x64
		{58A80B0B-808A-4AAC-BE74-D7FF9FEC43B5}.Release|x64.Build.0 = Release|x64
		{58A80B0B-808A-4AAC-BE74-D7FF9FEC43B5}.Release|x86.ActiveCfg = Release|Win32
		{58A80B0B-808A-4AAC-BE74-D7FF9FEC43B5}.Release|x86.Build.0 = Release|Win32
		{8C7C892E-05DD-47B6-8E6E-AE1A8DA6400A}.Debug|x64.ActiveCfg = Debug|x64
		{8C7C892E-05DD-47B6-8E6E-AE1A8DA6400A}.Debug|x64.Build.0 = Debug|x64
		{8C7C892E-05DD-47B6-8E6E-AE1A8DA6400A}.Debug|x86.ActiveCfg = Debug|Win32
		{8C7C892E-05DD-47B6-8E6E-AE1A8DA6400A}.Debug|x86.Build.0 = Debug|Win32
		{8C7C892E-05DD-47B6-8E6E-AE1A8DA6400A}.Release|x64.ActiveCfg = Release|x64
		{8C7C892E-05DD-47B6-8E6E-AE1A8DA6400A}.Release|x64.Build.0 = Release|x64
		{8C7C892E-05DD-47B6-8E6E-AE1A8DA6400A}.Release|x86.ActiveCfg = Release|Win32
		{8C7C892E-05DD-47B6-8E6E-AE1A8DA6400A}.Release|x86.Build.0 = Release|Win32
		{A76636EA-FEA4-4E38-9F2B-82EF3D08855C}.Debug|x64.ActiveCfg = Debug|x64
		{A76636EA-FEA4-4E38-9F2B-82EF3D08855C}.Debug|x64.Build.0 = Debug|x64
		{A76636EA-FEA4-4E38-9F2B-82EF3D08855C}.Debug|x86.ActiveCfg = Debug|Win32
		{A76636EA-FEA4-4E38-9F2B-82EF3D08855C}.Debug|x86.Build.0 = Debug|Win32
		{A76636EA-FEA4-4E38-9F2B-82EF3D08855C}.Release|x64.ActiveCfg = Release|x64
		{A76636EA-FEA4-4E38-9F2B-82EF3D08855C}.Release|x64.Build.0 = Release|x64
		{A76636EA-FEA4-4E38-9F2B-82EF3D08855C}.Release|x86.ActiveCfg = Release|Win32
		{A76636EA-FEA4-4E38-9F2B-82EF3D08855C}.Release|x86.Build.0 = Release|Win32
		{DB1D3869-000E-4D7D-8759-0417615A5C2C}.Debug|x64.ActiveCfg = Debug|x64
		{DB1D3869-000E-4D7D-8759-0417615A5C2C}.Debug|x64.Build.0 = Debug|x64
		{DB1D3869-000E-4D7D-8759-0417615A5C2C}.Debug|x86.ActiveCfg = Debug|Win32
		{DB1D3869-000E-4D7D-8759-0417615A5C2C}.Debug|x86.Build.0 = Debug|Win32
		{DB1D3869-000E-4D7D-8759-0417615A5C2C}.Release|x64.ActiveCfg = Release|x64
		{DB1D3869-000E-4D7D-8759-0417615A5C2C}.Release|x64.Build.0 = Release|x64
		{DB1D3869-000E-4D7D-8759-0417615A5C2C}.Release|x86.ActiveCfg = Release|Win32
		{DB1D3869-000E-4D7D-8759-0417615A5C2C}.Release|x86.Build.0 = Release|Win32
		{04E9CB6D-037C-48C7-A164-4E5EC13EBF7D}.Debug|x64.ActiveCfg = Debug|x64
		{04E9CB6D-037C-48C7-A164-4E5EC13EBF7D}.Debug|x64.Build.0 = Debug|x64
		{04E9CB6D-037C-48C7-A164-4E5EC13EBF7D}.Debug|x86.ActiveCfg = Debug|Win32
		{04E9CB6D-037C-48C7-A164-4E5EC13EBF7D}.Debug|x86.Build.0 = Debug|Win32
		{04E9CB6D-037C-48C7-A164-4E5EC13EBF7D}.Release|x64.ActiveCfg = Release|x64
		{04E9CB6D-037C-48C7-A164-4E5EC13EBF7D}.Release|x64.Build.0 = Release|x64
		{04E9CB6D-037C-48C7-A164-4E5EC13EBF7D}.Release|x86.ActiveCfg = Release|Win32
		{04E9CB6D-037C-48C7-A164-4E5EC13EBF7D}.Release|x86.Build.0 = Release|Win32
		{EF0FA715-F8B0-45E9-8947-22A4890AF595}.Debug|x64.ActiveCfg = Debug|x64
		{EF0FA715-F8B0-45E9-8947-22A4890AF595}.Debug|x64.Build.0 = Debug|x64
		{EF0FA715-F8B0-45E9-8947-22A4890AF595}.Debug|x86.ActiveCfg = Debug|Win32
		{EF0FA715-F8B0-45E9-8947-22A4890AF595}.Debug|x86.Build.0 = Debug|Win32
		{EF0FA715-F8B0-45E9-8947-22A4890AF595}.Release|x64.ActiveCfg = Release|x64
		{EF0FA715-F8B0-45E9-8947-22A4890AF595}.Release|x64.Build.0 = Release|x64
		{EF0FA715-F8B0-45E9-8947-22A4890AF595}.Release|x86.ActiveCfg = Release|Win32
		{EF0FA715-F8B0-45E9-8947-22A4890AF595}.Release|x86.Build.0 = Release|Win32
		{48B840F4-5A09-4649-B33C-89EA2425D1FB}.Debug|x64.ActiveCfg = Debug|x64
		{48B840F4-5A09-4649-B33C-89EA2425D1FB}.Debug|x64.Build.0 = Debug|x64
		{48B840F4-5A09-4649-B33C-89EA2425D1FB}.Debug|x86.ActiveCfg = Debug|Win32
		{48B840F4-5A09-4649-B33C-89EA2425D1FB}.Debug|x86.Build.0 = Debug|Win32
		{48B840F4-5A09-4649-B33C-89EA2425D1FB}.Release|x64.ActiveCfg = Release|x64
		{48B840F4-5A09-4649-B33C-89EA2425D1FB}.Release|x64.Build.0 = Release|x64
		{48B840F4-5A09-4649-B33C-89EA2425D1FB}.Release|x86.ActiveCfg = Release|Win32
		{48B840F4-5A09-4649-B33C-89EA2425D1FB}.Release|x86.Build.0 = Release|Win32
		{5CCD4C78-6F42-4BBC-8DF0-6EEE2A5FE317}.Debug|x64.ActiveCfg = Debug|x64
		{5CCD4C78-6F42-4BBC-8DF0-6EEE2A5FE317}.Debug|x64.Build.0 = Debug|x64
		{5CCD4C78-6F42-4BBC-8DF0-6EEE2A5FE317}.Debug|x86.ActiveCfg = Debug|Win32
		{5CCD4C78-6F42-4BBC-8DF0-6EEE2A5FE317}.Debug|x86.Build.0 = Debug|Win32
		{5CCD4C78-6F42-4BBC-8DF0-6EEE2A5FE317}.Release|x64.ActiveCfg = Release|x64
		{5CCD4C78-6F42-4BBC-8DF0-6EEE2A5FE317}.Release|x64.Build.0 = Release|x64
		{5CCD4C78-6F42-4BBC-8DF0-6EEE2A5FE317}.Release|x86.ActiveCfg = Release|Win32
		{5CCD4C78-6F42-4BBC-8DF0-6EEE2A5FE317}.Release|x86.Build.0 = Release|Win32
		{BF6F8C6F-56E8-4377-BB02-6595A1554AE4}.Debug|x64.ActiveCfg = Debug|x64
		{BF6F8C6F-56E8-4377-BB02-6595A1554AE4}.Debug|x64.Build.0 = Debug|x64
		{BF6F8C6F-56E8-4377-BB02-6595A1554AE4}.Debug|x86.ActiveCfg = Debug|Win32
		{BF6F8C6F-56E8-4377-BB02-6595A1554AE4}.Debug|x86.Build.0 = Debug|Win32
		{BF6F8C6F-56E8-4377-BB02-6595A1554AE4}.Release|x64.ActiveCfg = Release|x64
		{BF6F8C6F-56E8-4377-BB02-6595A1554AE4}.Release|x64.Build.0 = Release|x64
		{BF6F8C6F-56E8-4377-BB02-6595A1554AE4}.Release|x86.ActiveCfg = Release|Win32
		{BF6F8C6F-56E8-4377-BB02-6595A1554AE4}.Release|x86.Build.0 = Release|Win32
	EndGlobalSection
	GlobalSection(SolutionProperties) = preSolution
		HideSolutionNode = FALSE
	EndGlobalSection
	GlobalSection(ExtensibilityGlobals) = postSolution
		SolutionGuid = {4712539B-659B-45CB-9E70-F90EAFD1A2E1}
	EndGlobalSection
EndGlobal
